
Microsoft Visual Studio Solution File, Format Version 12.00
# Visual Studio Version 16
VisualStudioVersion = 16.0.29613.14
MinimumVisualStudioVersion = 10.0.40219.1
Project("{FAE04EC0-301F-11D3-BF4B-00C04F79EFBC}") = "ZerglingRush", "ZerglingRush\ZerglingRush.csproj", "{2AED1FAC-2EE8-4C9A-926F-228F6D0D81DF}"
EndProject
Project("{FAE04EC0-301F-11D3-BF4B-00C04F79EFBC}") = "ZRushUnitTests", "ZRushUnitTests\ZRushUnitTests.csproj", "{AAF484E2-A27A-4EBE-BCB0-3A9E8C9E5C26}"
EndProject
Global
	GlobalSection(SolutionConfigurationPlatforms) = preSolution
		Debug|Any CPU = Debug|Any CPU
		Release|Any CPU = Release|Any CPU
	EndGlobalSection
	GlobalSection(ProjectConfigurationPlatforms) = postSolution
		{2AED1FAC-2EE8-4C9A-926F-228F6D0D81DF}.Debug|Any CPU.ActiveCfg = Debug|Any CPU
		{2AED1FAC-2EE8-4C9A-926F-228F6D0D81DF}.Debug|Any CPU.Build.0 = Debug|Any CPU
		{2AED1FAC-2EE8-4C9A-926F-228F6D0D81DF}.Release|Any CPU.ActiveCfg = Release|Any CPU
		{2AED1FAC-2EE8-4C9A-926F-228F6D0D81DF}.Release|Any CPU.Build.0 = Release|Any CPU
		{AAF484E2-A27A-4EBE-BCB0-3A9E8C9E5C26}.Debug|Any CPU.ActiveCfg = Debug|Any CPU
		{AAF484E2-A27A-4EBE-BCB0-3A9E8C9E5C26}.Debug|Any CPU.Build.0 = Debug|Any CPU
		{AAF484E2-A27A-4EBE-BCB0-3A9E8C9E5C26}.Release|Any CPU.ActiveCfg = Release|Any CPU
		{AAF484E2-A27A-4EBE-BCB0-3A9E8C9E5C26}.Release|Any CPU.Build.0 = Release|Any CPU
	EndGlobalSection
	GlobalSection(SolutionProperties) = preSolution
		HideSolutionNode = FALSE
	EndGlobalSection
	GlobalSection(ExtensibilityGlobals) = postSolution
		SolutionGuid = {466F81E3-ABD9-4006-A62B-9F9A8E9C25E6}
	EndGlobalSection
EndGlobal
